
Microsoft Visual Studio Solution File, Format Version 12.00
# Visual Studio for Mac
Project("{FAE04EC0-301F-11D3-BF4B-00C04F79EFBC}") = "Assembly-CSharp", "Assembly-CSharp.csproj", "{0E091943-3E7F-E178-8533-1E577F1BA303}"
EndProject
Project("{FAE04EC0-301F-11D3-BF4B-00C04F79EFBC}") = "Assembly-CSharp-Editor", "Assembly-CSharp-Editor.csproj", "{1C067A38-7E1C-54CC-6CB9-B8FC9536E15B}"
EndProject
Global
	GlobalSection(SolutionConfigurationPlatforms) = preSolution
		Debug|Any CPU = Debug|Any CPU
		Release|Any CPU = Release|Any CPU
	EndGlobalSection
	GlobalSection(ProjectConfigurationPlatforms) = postSolution
		{0E091943-3E7F-E178-8533-1E577F1BA303}.Debug|Any CPU.ActiveCfg = Debug|Any CPU
		{0E091943-3E7F-E178-8533-1E577F1BA303}.Debug|Any CPU.Build.0 = Debug|Any CPU
		{0E091943-3E7F-E178-8533-1E577F1BA303}.Release|Any CPU.ActiveCfg = Release|Any CPU
		{0E091943-3E7F-E178-8533-1E577F1BA303}.Release|Any CPU.Build.0 = Release|Any CPU
		{1C067A38-7E1C-54CC-6CB9-B8FC9536E15B}.Debug|Any CPU.ActiveCfg = Debug|Any CPU
		{1C067A38-7E1C-54CC-6CB9-B8FC9536E15B}.Debug|Any CPU.Build.0 = Debug|Any CPU
		{1C067A38-7E1C-54CC-6CB9-B8FC9536E15B}.Release|Any CPU.ActiveCfg = Release|Any CPU
		{1C067A38-7E1C-54CC-6CB9-B8FC9536E15B}.Release|Any CPU.Build.0 = Release|Any CPU
	EndGlobalSection
	GlobalSection(SolutionProperties) = preSolution
		HideSolutionNode = FALSE
	EndGlobalSection
EndGlobal
